
Microsoft Visual Studio Solution File, Format Version 12.00
# Visual Studio Version 17
VisualStudioVersion = 17.7.34031.279
MinimumVisualStudioVersion = 10.0.40219.1
Project("{FAE04EC0-301F-11D3-BF4B-00C04F79EFBC}") = "BatChrome", "BatChrome\BatChrome.csproj", "{842F6AC8-AD1C-460D-9477-C1826F316DDA}"
EndProject
Global
	GlobalSection(SolutionConfigurationPlatforms) = preSolution
		Debug|Any CPU = Debug|Any CPU
		Release|Any CPU = Release|Any CPU
	EndGlobalSection
	GlobalSection(ProjectConfigurationPlatforms) = postSolution
		{842F6AC8-AD1C-460D-9477-C1826F316DDA}.Debug|Any CPU.ActiveCfg = Debug|Any CPU
		{842F6AC8-AD1C-460D-9477-C1826F316DDA}.Debug|Any CPU.Build.0 = Debug|Any CPU
		{842F6AC8-AD1C-460D-9477-C1826F316DDA}.Release|Any CPU.ActiveCfg = Release|Any CPU
		{842F6AC8-AD1C-460D-9477-C1826F316DDA}.Release|Any CPU.Build.0 = Release|Any CPU
	EndGlobalSection
	GlobalSection(SolutionProperties) = preSolution
		HideSolutionNode = FALSE
	EndGlobalSection
	GlobalSection(ExtensibilityGlobals) = postSolution
		SolutionGuid = {781FA3B4-2B6E-4EE0-875D-F27BA782B17A}
	EndGlobalSection
EndGlobal
